
Microsoft Visual Studio Solution File, Format Version 12.00
Project("{FAE04EC0-301F-11D3-BF4B-00C04F79EFBC}") = "ConsoleApp1", "ConsoleApp1\ConsoleApp1.csproj", "{754B0A1C-AD6F-4333-BB1E-39A4244B6307}"
EndProject
Project("{FAE04EC0-301F-11D3-BF4B-00C04F79EFBC}") = "Maor", "Maor\Maor.csproj", "{7E0A125B-C351-4CC3-BBF6-F9EEA1A9FA57}"
EndProject
Project("{FAE04EC0-301F-11D3-BF4B-00C04F79EFBC}") = "Hash", "Hash\Hash.csproj", "{BB26106B-CBB8-4D4D-9548-B894242A88B9}"
EndProject
Global
	GlobalSection(SolutionConfigurationPlatforms) = preSolution
		Debug|Any CPU = Debug|Any CPU
		Release|Any CPU = Release|Any CPU
	EndGlobalSection
	GlobalSection(ProjectConfigurationPlatforms) = postSolution
		{754B0A1C-AD6F-4333-BB1E-39A4244B6307}.Debug|Any CPU.ActiveCfg = Debug|Any CPU
		{754B0A1C-AD6F-4333-BB1E-39A4244B6307}.Debug|Any CPU.Build.0 = Debug|Any CPU
		{754B0A1C-AD6F-4333-BB1E-39A4244B6307}.Release|Any CPU.ActiveCfg = Release|Any CPU
		{754B0A1C-AD6F-4333-BB1E-39A4244B6307}.Release|Any CPU.Build.0 = Release|Any CPU
		{7E0A125B-C351-4CC3-BBF6-F9EEA1A9FA57}.Debug|Any CPU.ActiveCfg = Debug|Any CPU
		{7E0A125B-C351-4CC3-BBF6-F9EEA1A9FA57}.Debug|Any CPU.Build.0 = Debug|Any CPU
		{7E0A125B-C351-4CC3-BBF6-F9EEA1A9FA57}.Release|Any CPU.ActiveCfg = Release|Any CPU
		{7E0A125B-C351-4CC3-BBF6-F9EEA1A9FA57}.Release|Any CPU.Build.0 = Release|Any CPU
		{BB26106B-CBB8-4D4D-9548-B894242A88B9}.Debug|Any CPU.ActiveCfg = Debug|Any CPU
		{BB26106B-CBB8-4D4D-9548-B894242A88B9}.Debug|Any CPU.Build.0 = Debug|Any CPU
		{BB26106B-CBB8-4D4D-9548-B894242A88B9}.Release|Any CPU.ActiveCfg = Release|Any CPU
		{BB26106B-CBB8-4D4D-9548-B894242A88B9}.Release|Any CPU.Build.0 = Release|Any CPU
	EndGlobalSection
EndGlobal
